
Microsoft Visual Studio Solution File, Format Version 12.00
# Visual Studio Version 17
VisualStudioVersion = 17.5.33530.505
MinimumVisualStudioVersion = 10.0.40219.1
Project("{FAE04EC0-301F-11D3-BF4B-00C04F79EFBC}") = "retangulo", "retangulo\retangulo.csproj", "{DABCDB6F-0917-4048-BC7D-72D258E15F6B}"
EndProject
Global
	GlobalSection(SolutionConfigurationPlatforms) = preSolution
		Debug|Any CPU = Debug|Any CPU
		Release|Any CPU = Release|Any CPU
	EndGlobalSection
	GlobalSection(ProjectConfigurationPlatforms) = postSolution
		{DABCDB6F-0917-4048-BC7D-72D258E15F6B}.Debug|Any CPU.ActiveCfg = Debug|Any CPU
		{DABCDB6F-0917-4048-BC7D-72D258E15F6B}.Debug|Any CPU.Build.0 = Debug|Any CPU
		{DABCDB6F-0917-4048-BC7D-72D258E15F6B}.Release|Any CPU.ActiveCfg = Release|Any CPU
		{DABCDB6F-0917-4048-BC7D-72D258E15F6B}.Release|Any CPU.Build.0 = Release|Any CPU
	EndGlobalSection
	GlobalSection(SolutionProperties) = preSolution
		HideSolutionNode = FALSE
	EndGlobalSection
	GlobalSection(ExtensibilityGlobals) = postSolution
		SolutionGuid = {A9A7C577-30FD-4AA2-AF34-F3BF91D39E69}
	EndGlobalSection
EndGlobal
